# This file is automatically @generated by Poetry 1.5.1 and should not be changed by hand.

[[package]]
name = "grpcio"
version = "1.53.0"
description = "HTTP/2-based RPC framework"
optional = false
python-versions = ">=3.7"
files = [
    {file = "grpcio-1.53.0-cp310-cp310-linux_armv7l.whl", hash = "sha256:752d2949b40e12e6ad3ed8cc552a65b54d226504f6b1fb67cab2ccee502cc06f"},
    {file = "grpcio-1.53.0-cp310-cp310-macosx_12_0_universal2.whl", hash = "sha256:8a48fd3a7222be226bb86b7b413ad248f17f3101a524018cdc4562eeae1eb2a3"},
    {file = "grpcio-1.53.0-cp310-cp310-manylinux_2_17_aarch64.whl", hash = "sha256:f3e837d29f0e1b9d6e7b29d569e2e9b0da61889e41879832ea15569c251c303a"},
    {file = "grpcio-1.53.0-cp310-cp310-manylinux_2_17_i686.manylinux2014_i686.whl", hash = "sha256:aef7d30242409c3aa5839b501e877e453a2c8d3759ca8230dd5a21cda029f046"},
    {file = "grpcio-1.53.0-cp310-cp310-manylinux_2_17_x86_64.manylinux2014_x86_64.whl", hash = "sha256:e6f90698b5d1c5dd7b3236cd1fa959d7b80e17923f918d5be020b65f1c78b173"},
    {file = "grpcio-1.53.0-cp310-cp310-musllinux_1_1_i686.whl", hash = "sha256:a96c3c7f564b263c5d7c0e49a337166c8611e89c4c919f66dba7b9a84abad137"},
    {file = "grpcio-1.53.0-cp310-cp310-musllinux_1_1_x86_64.whl", hash = "sha256:ee81349411648d1abc94095c68cd25e3c2812e4e0367f9a9355be1e804a5135c"},
    {file = "grpcio-1.53.0-cp310-cp310-win32.whl", hash = "sha256:fdc6191587de410a184550d4143e2b24a14df495c86ca15e59508710681690ac"},
    {file = "grpcio-1.53.0-cp310-cp310-win_amd64.whl", hash = "sha256:658ffe1e39171be00490db5bd3b966f79634ac4215a1eb9a85c6cd6783bf7f6e"},
    {file = "grpcio-1.53.0-cp311-cp311-linux_armv7l.whl", hash = "sha256:1b172e6d497191940c4b8d75b53de82dc252e15b61de2951d577ec5b43316b29"},
    {file = "grpcio-1.53.0-cp311-cp311-macosx_10_10_universal2.whl", hash = "sha256:82434ba3a5935e47908bc861ce1ebc43c2edfc1001d235d6e31e5d3ed55815f7"},
    {file = "grpcio-1.53.0-cp311-cp311-manylinux_2_17_aarch64.whl", hash = "sha256:1c734a2d4843e4e14ececf5600c3c4750990ec319e1299db7e4f0d02c25c1467"},
    {file = "grpcio-1.53.0-cp311-cp311-manylinux_2_17_i686.manylinux2014_i686.whl", hash = "sha256:b6a2ead3de3b2d53119d473aa2f224030257ef33af1e4ddabd4afee1dea5f04c"},
    {file = "grpcio-1.53.0-cp311-cp311-manylinux_2_17_x86_64.manylinux2014_x86_64.whl", hash = "sha256:a34d6e905f071f9b945cabbcc776e2055de1fdb59cd13683d9aa0a8f265b5bf9"},
    {file = "grpcio-1.53.0-cp311-cp311-musllinux_1_1_i686.whl", hash = "sha256:eaf8e3b97caaf9415227a3c6ca5aa8d800fecadd526538d2bf8f11af783f1550"},
    {file = "grpcio-1.53.0-cp311-cp311-musllinux_1_1_x86_64.whl", hash = "sha256:da95778d37be8e4e9afca771a83424f892296f5dfb2a100eda2571a1d8bbc0dc"},
    {file = "grpcio-1.53.0-cp311-cp311-win32.whl", hash = "sha256:e4f513d63df6336fd84b74b701f17d1bb3b64e9d78a6ed5b5e8a198bbbe8bbfa"},
    {file = "grpcio-1.53.0-cp311-cp311-win_amd64.whl", hash = "sha256:ddb2511fbbb440ed9e5c9a4b9b870f2ed649b7715859fd6f2ebc585ee85c0364"},
    {file = "grpcio-1.53.0-cp37-cp37m-linux_armv7l.whl", hash = "sha256:2a912397eb8d23c177d6d64e3c8bc46b8a1c7680b090d9f13a640b104aaec77c"},
    {file = "grpcio-1.53.0-cp37-cp37m-macosx_10_10_universal2.whl", hash = "sha256:55930c56b8f5b347d6c8c609cc341949a97e176c90f5cbb01d148d778f3bbd23"},
    {file = "grpcio-1.53.0-cp37-cp37m-manylinux_2_17_aarch64.whl", hash = "sha256:6601d812105583948ab9c6e403a7e2dba6e387cc678c010e74f2d6d589d1d1b3"},
    {file = "grpcio-1.53.0-cp37-cp37m-manylinux_2_17_i686.manylinux2014_i686.whl", hash = "sha256:c705e0c21acb0e8478a00e7e773ad0ecdb34bd0e4adc282d3d2f51ba3961aac7"},
    {file = "grpcio-1.53.0-cp37-cp37m-manylinux_2_17_x86_64.manylinux2014_x86_64.whl", hash = "sha256:ba074af9ca268ad7b05d3fc2b920b5fb3c083da94ab63637aaf67f4f71ecb755"},
    {file = "grpcio-1.53.0-cp37-cp37m-musllinux_1_1_i686.whl", hash = "sha256:14817de09317dd7d3fbc8272864288320739973ef0f4b56bf2c0032349da8cdf"},
    {file = "grpcio-1.53.0-cp37-cp37m-musllinux_1_1_x86_64.whl", hash = "sha256:c7ad9fbedb93f331c2e9054e202e95cf825b885811f1bcbbdfdc301e451442db"},
    {file = "grpcio-1.53.0-cp37-cp37m-win_amd64.whl", hash = "sha256:dad5b302a4c21c604d88a5d441973f320134e6ff6a84ecef9c1139e5ffd466f6"},
    {file = "grpcio-1.53.0-cp38-cp38-linux_armv7l.whl", hash = "sha256:fa8eaac75d3107e3f5465f2c9e3bbd13db21790c6e45b7de1756eba16b050aca"},
    {file = "grpcio-1.53.0-cp38-cp38-macosx_10_10_universal2.whl", hash = "sha256:104a2210edd3776c38448b4f76c2f16e527adafbde171fc72a8a32976c20abc7"},
    {file = "grpcio-1.53.0-cp38-cp38-manylinux_2_17_aarch64.whl", hash = "sha256:dbc1ba968639c1d23476f75c356e549e7bbf2d8d6688717dcab5290e88e8482b"},
    {file = "grpcio-1.53.0-cp38-cp38-manylinux_2_17_i686.manylinux2014_i686.whl", hash = "sha256:95952d3fe795b06af29bb8ec7bbf3342cdd867fc17b77cc25e6733d23fa6c519"},
    {file = "grpcio-1.53.0-cp38-cp38-manylinux_2_17_x86_64.manylinux2014_x86_64.whl", hash = "sha256:f144a790f14c51b8a8e591eb5af40507ffee45ea6b818c2482f0457fec2e1a2e"},
    {file = "grpcio-1.53.0-cp38-cp38-musllinux_1_1_i686.whl", hash = "sha256:0698c094688a2dd4c7c2f2c0e3e142cac439a64d1cef6904c97f6cde38ba422f"},
    {file = "grpcio-1.53.0-cp38-cp38-musllinux_1_1_x86_64.whl", hash = "sha256:6b6d60b0958be711bab047e9f4df5dbbc40367955f8651232bfdcdd21450b9ab"},
    {file = "grpcio-1.53.0-cp38-cp38-win32.whl", hash = "sha256:1948539ce78805d4e6256ab0e048ec793956d54787dc9d6777df71c1d19c7f81"},
    {file = "grpcio-1.53.0-cp38-cp38-win_amd64.whl", hash = "sha256:df9ba1183b3f649210788cf80c239041dddcb375d6142d8bccafcfdf549522cd"},
    {file = "grpcio-1.53.0-cp39-cp39-linux_armv7l.whl", hash = "sha256:19caa5b7282a89b799e63776ff602bb39604f7ca98db6df27e2de06756ae86c3"},
    {file = "grpcio-1.53.0-cp39-cp39-macosx_10_10_universal2.whl", hash = "sha256:b5bd026ac928c96cc23149e6ef79183125542062eb6d1ccec34c0a37e02255e7"},
    {file = "grpcio-1.53.0-cp39-cp39-manylinux_2_17_aarch64.whl", hash = "sha256:7dc8584ca6c015ad82e186e82f4c0fe977394588f66b8ecfc4ec873285314619"},
    {file = "grpcio-1.53.0-cp39-cp39-manylinux_2_17_i686.manylinux2014_i686.whl", hash = "sha256:2eddaae8af625e45b5c8500dcca1043264d751a6872cde2eda5022df8a336959"},
    {file = "grpcio-1.53.0-cp39-cp39-manylinux_2_17_x86_64.manylinux2014_x86_64.whl", hash = "sha256:c5fb6f3d7824696c1c9f2ad36ddb080ba5a86f2d929ef712d511b4d9972d3d27"},
    {file = "grpcio-1.53.0-cp39-cp39-musllinux_1_1_i686.whl", hash = "sha256:8270d1dc2c98ab57e6dbf36fa187db8df4c036f04a398e5d5e25b4e01a766d70"},
    {file = "grpcio-1.53.0-cp39-cp39-musllinux_1_1_x86_64.whl", hash = "sha256:976a7f24eb213e8429cab78d5e120500dfcdeb01041f1f5a77b17b9101902615"},
    {file = "grpcio-1.53.0-cp39-cp39-win32.whl", hash = "sha256:9c84a481451e7174f3a764a44150f93b041ab51045aa33d7b5b68b6979114e48"},
    {file = "grpcio-1.53.0-cp39-cp39-win_amd64.whl", hash = "sha256:6beb84f83360ff29a3654f43f251ec11b809dcb5524b698d711550243debd289"},
    {file = "grpcio-1.53.0.tar.gz", hash = "sha256:a4952899b4931a6ba12951f9a141ef3e74ff8a6ec9aa2dc602afa40f63595e33"},
]

[package.extras]
protobuf = ["grpcio-tools (>=1.53.0)"]

[package.source]
type = "legacy"
url = "https://pypi.tuna.tsinghua.edu.cn/simple"
reference = "tsinghua"

[[package]]
name = "grpcio-tools"
version = "1.36.1"
description = "Protobuf code generator for gRPC"
optional = false
python-versions = "*"
files = [
    {file = "grpcio-tools-1.36.1.tar.gz", hash = "sha256:80ef584f7b917f575e4b8f2ec59cd4a4d98c2046e801a735f3136b05742a36a6"},
    {file = "grpcio_tools-1.36.1-cp27-cp27m-macosx_10_10_x86_64.whl", hash = "sha256:ebbfdbff079bfc303a4e1d3da59302147d5cf4f1db2c412a074366149d93e89e"},
    {file = "grpcio_tools-1.36.1-cp27-cp27m-manylinux2010_i686.whl", hash = "sha256:d95dfefe156be02bcce4eb044ac7ff166c8a6c288d71bc3ed960d8b26bce2786"},
    {file = "grpcio_tools-1.36.1-cp27-cp27m-manylinux2010_x86_64.whl", hash = "sha256:7969915ac252d0e67f9cfd4f8b9d6bb546efc7b26bce34978a940e37ee4078d5"},
    {file = "grpcio_tools-1.36.1-cp27-cp27m-win32.whl", hash = "sha256:582b77e7a4905063d8071ac3685cefa38941799d5f4ea7b4519281a28cfc6752"},
    {file = "grpcio_tools-1.36.1-cp27-cp27m-win_amd64.whl", hash = "sha256:66d2a6237941199df0493e46b8a3123005b4dfde9af1b9572e8c54eb605a7567"},
    {file = "grpcio_tools-1.36.1-cp27-cp27mu-linux_armv7l.whl", hash = "sha256:702c3eb61a3cfddcaea04d2358c0390c2e189fe42b64a92239df8292366ab4df"},
    {file = "grpcio_tools-1.36.1-cp27-cp27mu-manylinux2010_i686.whl", hash = "sha256:ce621375bc7dfaeac93e23e202771a6e567a8ea7e9a7cc690b87d8b1950e3da6"},
    {file = "grpcio_tools-1.36.1-cp27-cp27mu-manylinux2010_x86_64.whl", hash = "sha256:ff1792b188183e977e2feccb1f3b3d4580f921df8f61385d7ae8eace10578a23"},
    {file = "grpcio_tools-1.36.1-cp35-cp35m-linux_armv7l.whl", hash = "sha256:a3a64797840fd4917ec98532d17b9b7c6a954dcfd7862657c750255556d369a5"},
    {file = "grpcio_tools-1.36.1-cp35-cp35m-macosx_10_10_intel.whl", hash = "sha256:0873697064cdbb116ba9f88ff524e13e9afd78bf7905ecd6a0f0f743bf40ca64"},
    {file = "grpcio_tools-1.36.1-cp35-cp35m-manylinux2010_i686.whl", hash = "sha256:6df49b402f387decaaf57784c3e74bea6f34cf446cc45d4bf7b9adb34f97fb20"},
    {file = "grpcio_tools-1.36.1-cp35-cp35m-manylinux2010_x86_64.whl", hash = "sha256:aec997dafa90a29b399bdb23d968ab43da223faeac005d384a1194f43ee0f46e"},
    {file = "grpcio_tools-1.36.1-cp35-cp35m-manylinux2014_i686.whl", hash = "sha256:92336c60db1052c865ab7c9936680187d16d2f565c470ba03199e817120714e8"},
    {file = "grpcio_tools-1.36.1-cp35-cp35m-manylinux2014_x86_64.whl", hash = "sha256:bbe8da70ccbe21c72599eb8de5ad26bd053c01f4f03c48ea16323f96f1ec7095"},
    {file = "grpcio_tools-1.36.1-cp35-cp35m-win32.whl", hash = "sha256:96e1c0d267eb03b819a31bcf973579220ec3b8b53178952daa9e2f1ad696783f"},
    {file = "grpcio_tools-1.36.1-cp35-cp35m-win_amd64.whl", hash = "sha256:f4326b1a5352e85480629bf888b132f0aec79bb791d29cd3e2322586cd70433a"},
    {file = "grpcio_tools-1.36.1-cp36-cp36m-linux_armv7l.whl", hash = "sha256:f2befead0395e8aaab1e8f76825c8c9fa93d69249a513c26107a55183f91ccd9"},
    {file = "grpcio_tools-1.36.1-cp36-cp36m-macosx_10_10_x86_64.whl", hash = "sha256:125859be6458e65e348c50ddb7a964ba48945d521af3f46ce35aca9a2b752296"},
    {file = "grpcio_tools-1.36.1-cp36-cp36m-manylinux2010_i686.whl", hash = "sha256:c669f1ee5642631ad93fa51d298306124d26bccc76ce63a3bc143ddcf01c58af"},
    {file = "grpcio_tools-1.36.1-cp36-cp36m-manylinux2010_x86_64.whl", hash = "sha256:693dc16a65b1766037fca8cddc173c0f45e79dd14e05d61128a30dbfd02f6503"},
    {file = "grpcio_tools-1.36.1-cp36-cp36m-manylinux2014_i686.whl", hash = "sha256:add07eb3c79478b003ac3af7b636275c37fa6bac56e6a29f79128bea09b37488"},
    {file = "grpcio_tools-1.36.1-cp36-cp36m-manylinux2014_x86_64.whl", hash = "sha256:747b547c487231a6325eda820d1d6a7c6080eda2cd1f68a7d4b2f8d9cc0a3e95"},
    {file = "grpcio_tools-1.36.1-cp36-cp36m-win32.whl", hash = "sha256:fd5eed43f5764209a95a58db82c064c1958525f30ad8ebb57df38dd2c9e86aa7"},
    {file = "grpcio_tools-1.36.1-cp36-cp36m-win_amd64.whl", hash = "sha256:bc6257b5533c66143f4f084aea3ae52c1c01f99997a8b81d2259d0cf083176b5"},
    {file = "grpcio_tools-1.36.1-cp37-cp37m-macosx_10_10_x86_64.whl", hash = "sha256:f35fad86d99743cc15fccf11ec74d8c9b76e997cd233dc1fd031457d3f0fd7fc"},
    {file = "grpcio_tools-1.36.1-cp37-cp37m-manylinux2010_i686.whl", hash = "sha256:dcdfe82237e7498eb49dd12751716c55d189a5e49b4bda0bb53f85acbe51bbb1"},
    {file = "grpcio_tools-1.36.1-cp37-cp37m-manylinux2010_x86_64.whl", hash = "sha256:d6b3c868c6ac15a0e288d3a5380ad5f01802cbbed8645333e496fa31ecea19af"},
    {file = "grpcio_tools-1.36.1-cp37-cp37m-manylinux2014_i686.whl", hash = "sha256:6898776449485feedb6d0fd98d3a36c8882c32a5603b86b2511e2557ee765d40"},
    {file = "grpcio_tools-1.36.1-cp37-cp37m-manylinux2014_x86_64.whl", hash = "sha256:6fee070c18be66a282ceb56245191dabf80986aee333e74d2fdea58118b452d4"},
    {file = "grpcio_tools-1.36.1-cp37-cp37m-win32.whl", hash = "sha256:55ed5c5de883defacd899123ba5a9f0077b7fb87d8f1778cb5996b4391604447"},
    {file = "grpcio_tools-1.36.1-cp37-cp37m-win_amd64.whl", hash = "sha256:f74f0c3eedc0de72c402e82bb1199ffe5e359ccdac70bf789d65444042a84f42"},
    {file = "grpcio_tools-1.36.1-cp38-cp38-macosx_10_10_x86_64.whl", hash = "sha256:93e3ba4696b69fc4356a0823ecddd8b29ebb1fba0571f27574b1182ef5c262f6"},
    {file = "grpcio_tools-1.36.1-cp38-cp38-manylinux2010_i686.whl", hash = "sha256:e730845677e45c6829d212be6e4fb69768979c3b35b5884293be02a7f436e18c"},
    {file = "grpcio_tools-1.36.1-cp38-cp38-manylinux2010_x86_64.whl", hash = "sha256:f7ba8d631f8f5c089958285545bd9e307fd752cdd1fa31515a51cfc1e04b833d"},
    {file = "grpcio_tools-1.36.1-cp38-cp38-manylinux2014_i686.whl", hash = "sha256:af392594ba30b5ee470b7538cf792df970e2097edc299685d8e0d76b2b1bef7b"},
    {file = "grpcio_tools-1.36.1-cp38-cp38-manylinux2014_x86_64.whl", hash = "sha256:facda541209a0b0edfccf6a5b18ce344c4e90bc8950c995482c85936a23ba939"},
    {file = "grpcio_tools-1.36.1-cp38-cp38-win32.whl", hash = "sha256:9fa491aaccd455e3aec35d12bcef5dce307c674f08e98bbbf33bf6774e6e2ec5"},
    {file = "grpcio_tools-1.36.1-cp38-cp38-win_amd64.whl", hash = "sha256:76900dde111192900c6eb5ed491cf0d8a13403e502c74859f2e2c3116842668a"},
    {file = "grpcio_tools-1.36.1-cp39-cp39-macosx_10_10_x86_64.whl", hash = "sha256:0a7b85758e44d9585f27fc7692b58e63952a2e9130cfbbd16defda8c2ffbb2ad"},
    {file = "grpcio_tools-1.36.1-cp39-cp39-manylinux2010_i686.whl", hash = "sha256:9b8556e2938ef9437ef07d028b46198f299533497df878f96785502e6f74250d"},
    {file = "grpcio_tools-1.36.1-cp39-cp39-manylinux2010_x86_64.whl", hash = "sha256:cd44135fb8b45acc79424e7354bb4548911a6202ca2fac384574099f8d998f06"},
    {file = "grpcio_tools-1.36.1-cp39-cp39-manylinux2014_i686.whl", hash = "sha256:c02b5b6d185b1af86342381ddd1ad3d0482c4116e203e52a7145636fb1b2ad12"},
    {file = "grpcio_tools-1.36.1-cp39-cp39-manylinux2014_x86_64.whl", hash = "sha256:377cd9b8d2098d2ced48d3dee466fd73fb19128aa0edc6f1799077cf4dbda606"},
    {file = "grpcio_tools-1.36.1-cp39-cp39-win32.whl", hash = "sha256:120bad5a3f3288ae8acd07d839a13d7873304ae35a1d717033295e90ed9bd8ac"},
    {file = "grpcio_tools-1.36.1-cp39-cp39-win_amd64.whl", hash = "sha256:5cec989d219164312bdfa9389aedaea5887fb8133bb1a247fcde5901775b5427"},
]

[package.dependencies]
grpcio = ">=1.36.1"
protobuf = ">=3.5.0.post1,<4.0dev"
setuptools = "*"

[package.source]
type = "legacy"
url = "https://pypi.tuna.tsinghua.edu.cn/simple"
reference = "tsinghua"

[[package]]
name = "protobuf"
version = "3.15.6"
description = "Protocol Buffers"
optional = false
python-versions = "*"
files = [
    {file = "protobuf-3.15.6-cp27-cp27m-macosx_10_9_x86_64.whl", hash = "sha256:1771ef20e88759c4d81db213e89b7a1fc53937968e12af6603c658ee4bcbfa38"},
    {file = "protobuf-3.15.6-cp27-cp27mu-manylinux1_x86_64.whl", hash = "sha256:1a66261a402d05c8ad8c1fde8631837307bf8d7e7740a4f3941fc3277c2e1528"},
    {file = "protobuf-3.15.6-cp35-cp35m-macosx_10_9_intel.whl", hash = "sha256:eac23a3e56175b710f3da9a9e8e2aa571891fbec60e0c5a06db1c7b1613b5cfd"},
    {file = "protobuf-3.15.6-cp35-cp35m-manylinux1_x86_64.whl", hash = "sha256:9ec220d90eda8bb7a7a1434a8aed4fe26d7e648c1a051c2885f3f5725b6aa71a"},
    {file = "protobuf-3.15.6-cp35-cp35m-win32.whl", hash = "sha256:88d8f21d1ac205eedb6dea943f8204ed08201b081dba2a966ab5612788b9bb1e"},
    {file = "protobuf-3.15.6-cp35-cp35m-win_amd64.whl", hash = "sha256:eaada29bbf087dea7d8bce4d1d604fc768749e8809e9c295922accd7c8fce4d5"},
    {file = "protobuf-3.15.6-cp36-cp36m-macosx_10_9_x86_64.whl", hash = "sha256:256c0b2e338c1f3228d3280707606fe5531fde85ab9d704cde6fdeb55112531f"},
    {file = "protobuf-3.15.6-cp36-cp36m-manylinux1_x86_64.whl", hash = "sha256:b9069e45b6e78412fba4a314ea38b4a478686060acf470d2b131b3a2c50484ec"},
    {file = "protobuf-3.15.6-cp36-cp36m-win32.whl", hash = "sha256:24f4697f57b8520c897a401b7f9a5ae45c369e22c572e305dfaf8053ecb49687"},
    {file = "protobuf-3.15.6-cp36-cp36m-win_amd64.whl", hash = "sha256:d9ed0955b794f1e5f367e27f8a8ff25501eabe34573f003f06639c366ca75f73"},
    {file = "protobuf-3.15.6-cp37-cp37m-macosx_10_9_x86_64.whl", hash = "sha256:822ac7f87fc2fb9b24edd2db390538b60ef50256e421ca30d65250fad5a3d477"},
    {file = "protobuf-3.15.6-cp37-cp37m-manylinux1_x86_64.whl", hash = "sha256:74ac159989e2b02d761188a2b6f4601ff5e494d9b9d863f5ad6e98e5e0c54328"},
    {file = "protobuf-3.15.6-cp37-cp37m-win32.whl", hash = "sha256:30fe4249a364576f9594180589c3f9c4771952014b5f77f0372923fc7bafbbe2"},
    {file = "protobuf-3.15.6-cp37-cp37m-win_amd64.whl", hash = "sha256:45a91fc6f9aa86d3effdeda6751882b02de628519ba06d7160daffde0c889ff8"},
    {file = "protobuf-3.15.6-cp38-cp38-macosx_10_9_x86_64.whl", hash = "sha256:83c7c7534f050cb25383bb817159416601d1cc46c40bc5e851ec8bbddfc34a2f"},
    {file = "protobuf-3.15.6-cp38-cp38-manylinux1_x86_64.whl", hash = "sha256:9ec20a6ded7d0888e767ad029dbb126e604e18db744ac0a428cf746e040ccecd"},
    {file = "protobuf-3.15.6-cp39-cp39-macosx_10_9_x86_64.whl", hash = "sha256:0f2da2fcc4102b6c3b57f03c9d8d5e37c63f8bc74deaa6cb54e0cc4524a77247"},
    {file = "protobuf-3.15.6-cp39-cp39-manylinux1_x86_64.whl", hash = "sha256:70054ae1ce5dea7dec7357db931fcf487f40ea45b02cb719ee6af07eb1e906fb"},
    {file = "protobuf-3.15.6-py2.py3-none-any.whl", hash = "sha256:1655fc0ba7402560d749de13edbfca1ac45d1753d8f4e5292989f18f5a00c215"},
    {file = "protobuf-3.15.6.tar.gz", hash = "sha256:2b974519a2ae83aa1e31cff9018c70bbe0e303a46a598f982943c49ae1d4fcd3"},
]

[package.dependencies]
six = ">=1.9"

[package.source]
type = "legacy"
url = "https://pypi.tuna.tsinghua.edu.cn/simple"
reference = "tsinghua"

[[package]]
name = "setuptools"
version = "68.0.0"
description = "Easily download, build, install, upgrade, and uninstall Python packages"
optional = false
python-versions = ">=3.7"
files = [
    {file = "setuptools-68.0.0-py3-none-any.whl", hash = "sha256:11e52c67415a381d10d6b462ced9cfb97066179f0e871399e006c4ab101fc85f"},
    {file = "setuptools-68.0.0.tar.gz", hash = "sha256:baf1fdb41c6da4cd2eae722e135500da913332ab3f2f5c7d33af9b492acb5235"},
]

[package.extras]
docs = ["furo", "jaraco.packaging (>=9)", "jaraco.tidelift (>=1.4)", "pygments-github-lexers (==0.0.5)", "rst.linker (>=1.9)", "sphinx (>=3.5)", "sphinx-favicon", "sphinx-hoverxref (<2)", "sphinx-inline-tabs", "sphinx-lint", "sphinx-notfound-page (==0.8.3)", "sphinx-reredirects", "sphinxcontrib-towncrier"]
testing = ["build[virtualenv]", "filelock (>=3.4.0)", "flake8-2020", "ini2toml[lite] (>=0.9)", "jaraco.envs (>=2.2)", "jaraco.path (>=3.2.0)", "pip (>=19.1)", "pip-run (>=8.8)", "pytest (>=6)", "pytest-black (>=0.3.7)", "pytest-checkdocs (>=2.4)", "pytest-cov", "pytest-enabler (>=1.3)", "pytest-mypy (>=0.9.1)", "pytest-perf", "pytest-ruff", "pytest-timeout", "pytest-xdist", "tomli-w (>=1.0.0)", "virtualenv (>=13.0.0)", "wheel"]
testing-integration = ["build[virtualenv]", "filelock (>=3.4.0)", "jaraco.envs (>=2.2)", "jaraco.path (>=3.2.0)", "pytest", "pytest-enabler", "pytest-xdist", "tomli", "virtualenv (>=13.0.0)", "wheel"]

[package.source]
type = "legacy"
url = "https://pypi.tuna.tsinghua.edu.cn/simple"
reference = "tsinghua"

[[package]]
name = "six"
version = "1.15.0"
description = "Python 2 and 3 compatibility utilities"
optional = false
python-versions = ">=2.7, !=3.0.*, !=3.1.*, !=3.2.*"
files = [
    {file = "six-1.15.0-py2.py3-none-any.whl", hash = "sha256:8b74bedcbbbaca38ff6d7491d76f2b06b3592611af620f8426e82dddb04a5ced"},
    {file = "six-1.15.0.tar.gz", hash = "sha256:30639c035cdb23534cd4aa2dd52c3bf48f06e5f4a941509c8bafd8ce11080259"},
]

[package.source]
type = "legacy"
url = "https://pypi.tuna.tsinghua.edu.cn/simple"
reference = "tsinghua"

[metadata]
lock-version = "2.0"
python-versions = "^3.7"
content-hash = "a92c06b72f01423630579e58902a54e881ea0939f467d21f1fbbda6900616734"
